{
  "name": "@bsorrentino/xrmtoolboxweb-local-pkg",
  "version": "1.2.4",
  "lockfileVersion": 2,
  "requires": true,
  "packages": {
    "": {
      "name": "@bsorrentino/xrmtoolboxweb-local-pkg",
      "version": "1.2.4",
      "license": "MIT",
      "dependencies": {
        "@bsorrentino/xrmtoolboxweb-core": "^1.2.4",
        "@bsorrentino/xrmtoolboxweb-webapiclient": "^1.2.4"
      }
    },
    "node_modules/@azure/msal-browser": {
      "version": "2.14.2",
      "resolved": "https://registry.npmjs.org/@azure/msal-browser/-/msal-browser-2.14.2.tgz",
      "integrity": "sha512-JKHE9Rer41CI8tweiyE91M8ZbGvQV9P+jOPB4ZtPxyxCi2f7ED3jNfdzyUJ1eGB+hCRnvO56M1Xc61T1R+JfYg==",
      "dependencies": {
        "@azure/msal-common": "^4.3.0"
      },
      "engines": {
        "node": ">=0.8.0"
      }
    },
    "node_modules/@azure/msal-common": {
      "version": "4.5.1",
      "resolved": "https://registry.npmjs.org/@azure/msal-common/-/msal-common-4.5.1.tgz",
      "integrity": "sha512-/i5dXM+QAtO+6atYd5oHGBAx48EGSISkXNXViheliOQe+SIFMDo3gSq3lL54W0suOSAsVPws3XnTaIHlla0PIQ==",
      "dependencies": {
        "debug": "^4.1.1"
      },
      "engines": {
        "node": ">=0.8.0"
      }
    },
    "node_modules/@azure/msal-react": {
      "version": "1.0.0",
      "resolved": "https://registry.npmjs.org/@azure/msal-react/-/msal-react-1.0.0.tgz",
      "integrity": "sha512-A5tnDSllpftXseippHyNG3vxbn2scYy8oH54nNbOr44kcrdrLaaCmByUCXpG9Smf7U3xvAPwT7w4jEcVTA9mOg==",
      "engines": {
        "node": ">=10"
      },
      "peerDependencies": {
        "@azure/msal-browser": "^2.14.2",
        "react": "^16.13.0 || ^17"
      }
    },
    "node_modules/@bsorrentino/xrmtoolboxweb-core": {
      "version": "1.2.4",
      "resolved": "https://npm.pkg.github.com/download/@bsorrentino/xrmtoolboxweb-core/1.2.4/59d45b2e29abdb6c7a4e65a538fba3e4625373641a735ad7e43e85689cda8adf",
      "integrity": "sha512-51+dXkc06DMjtqW1Zo+mT175XR/+Up/PuCr9pzAA3orCFDgYHwNE/jiulTYbOESOSzW0liL4nKsZEvGsA/SHsw==",
      "license": "MiT",
      "dependencies": {
        "@azure/msal-browser": "2.14.2",
        "@azure/msal-react": "1.0.0",
        "@bsorrentino/xrmtoolboxweb-webapiclient": "^1.2.4",
        "react-dom": "^17.0.2"
      }
    },
    "node_modules/@bsorrentino/xrmtoolboxweb-webapiclient": {
      "version": "1.2.4",
      "resolved": "https://npm.pkg.github.com/download/@bsorrentino/xrmtoolboxweb-webapiclient/1.2.4/7d379dc6539752f7a13c8c9d9afc7e031c3966520e398f8cb33e6791237345be",
      "integrity": "sha512-pzZSeVrSYbF6pXvc+YR7tVhxUCS4T+sGzPy9J0cu7a59PfIEHEKXTBAjNDva04UtI9nCK7A6y0iubaDFTJeNKg==",
      "license": "MIT"
    },
    "node_modules/debug": {
      "version": "4.3.3",
      "resolved": "https://registry.npmjs.org/debug/-/debug-4.3.3.tgz",
      "integrity": "sha512-/zxw5+vh1Tfv+4Qn7a5nsbcJKPaSvCDhojn6FEl9vupwK2VCSDtEiEtqr8DFtzYFOdz63LBkxec7DYuc2jon6Q==",
      "dependencies": {
        "ms": "2.1.2"
      },
      "engines": {
        "node": ">=6.0"
      },
      "peerDependenciesMeta": {
        "supports-color": {
          "optional": true
        }
      }
    },
    "node_modules/js-tokens": {
      "version": "4.0.0",
      "resolved": "https://registry.npmjs.org/js-tokens/-/js-tokens-4.0.0.tgz",
      "integrity": "sha512-RdJUflcE3cUzKiMqQgsCu06FPu9UdIJO0beYbPhHN4k6apgJtifcoCtT9bcxOpYBtpD2kCM6Sbzg4CausW/PKQ=="
    },
    "node_modules/loose-envify": {
      "version": "1.4.0",
      "resolved": "https://registry.npmjs.org/loose-envify/-/loose-envify-1.4.0.tgz",
      "integrity": "sha512-lyuxPGr/Wfhrlem2CL/UcnUc1zcqKAImBDzukY7Y5F/yQiNdko6+fRLevlw1HgMySw7f611UIY408EtxRSoK3Q==",
      "dependencies": {
        "js-tokens": "^3.0.0 || ^4.0.0"
      },
      "bin": {
        "loose-envify": "cli.js"
      }
    },
    "node_modules/ms": {
      "version": "2.1.2",
      "resolved": "https://registry.npmjs.org/ms/-/ms-2.1.2.tgz",
      "integrity": "sha512-sGkPx+VjMtmA6MX27oA4FBFELFCZZ4S4XqeGOXCv68tT+jb3vk/RyaKWP0PTKyWtmLSM0b+adUTEvbs1PEaH2w=="
    },
    "node_modules/object-assign": {
      "version": "4.1.1",
      "resolved": "https://registry.npmjs.org/object-assign/-/object-assign-4.1.1.tgz",
      "integrity": "sha1-IQmtx5ZYh8/AXLvUQsrIv7s2CGM=",
      "engines": {
        "node": ">=0.10.0"
      }
    },
    "node_modules/react": {
      "version": "17.0.2",
      "resolved": "https://registry.npmjs.org/react/-/react-17.0.2.tgz",
      "integrity": "sha512-gnhPt75i/dq/z3/6q/0asP78D0u592D5L1pd7M8P+dck6Fu/jJeL6iVVK23fptSUZj8Vjf++7wXA8UNclGQcbA==",
      "peer": true,
      "dependencies": {
        "loose-envify": "^1.1.0",
        "object-assign": "^4.1.1"
      },
      "engines": {
        "node": ">=0.10.0"
      }
    },
    "node_modules/react-dom": {
      "version": "17.0.2",
      "resolved": "https://registry.npmjs.org/react-dom/-/react-dom-17.0.2.tgz",
      "integrity": "sha512-s4h96KtLDUQlsENhMn1ar8t2bEa+q/YAtj8pPPdIjPDGBDIVNsrD9aXNWqspUe6AzKCIG0C1HZZLqLV7qpOBGA==",
      "dependencies": {
        "loose-envify": "^1.1.0",
        "object-assign": "^4.1.1",
        "scheduler": "^0.20.2"
      },
      "peerDependencies": {
        "react": "17.0.2"
      }
    },
    "node_modules/scheduler": {
      "version": "0.20.2",
      "resolved": "https://registry.npmjs.org/scheduler/-/scheduler-0.20.2.tgz",
      "integrity": "sha512-2eWfGgAqqWFGqtdMmcL5zCMK1U8KlXv8SQFGglL3CEtd0aDVDWgeF/YoCmvln55m5zSk3J/20hTaSBeSObsQDQ==",
      "dependencies": {
        "loose-envify": "^1.1.0",
        "object-assign": "^4.1.1"
      }
    }
  },
  "dependencies": {
    "@azure/msal-browser": {
      "version": "2.14.2",
      "resolved": "https://registry.npmjs.org/@azure/msal-browser/-/msal-browser-2.14.2.tgz",
      "integrity": "sha512-JKHE9Rer41CI8tweiyE91M8ZbGvQV9P+jOPB4ZtPxyxCi2f7ED3jNfdzyUJ1eGB+hCRnvO56M1Xc61T1R+JfYg==",
      "requires": {
        "@azure/msal-common": "^4.3.0"
      }
    },
    "@azure/msal-common": {
      "version": "4.5.1",
      "resolved": "https://registry.npmjs.org/@azure/msal-common/-/msal-common-4.5.1.tgz",
      "integrity": "sha512-/i5dXM+QAtO+6atYd5oHGBAx48EGSISkXNXViheliOQe+SIFMDo3gSq3lL54W0suOSAsVPws3XnTaIHlla0PIQ==",
      "requires": {
        "debug": "^4.1.1"
      }
    },
    "@azure/msal-react": {
      "version": "1.0.0",
      "resolved": "https://registry.npmjs.org/@azure/msal-react/-/msal-react-1.0.0.tgz",
      "integrity": "sha512-A5tnDSllpftXseippHyNG3vxbn2scYy8oH54nNbOr44kcrdrLaaCmByUCXpG9Smf7U3xvAPwT7w4jEcVTA9mOg==",
      "requires": {}
    },
    "@bsorrentino/xrmtoolboxweb-core": {
      "version": "1.2.4",
      "resolved": "https://npm.pkg.github.com/download/@bsorrentino/xrmtoolboxweb-core/1.2.4/59d45b2e29abdb6c7a4e65a538fba3e4625373641a735ad7e43e85689cda8adf",
      "integrity": "sha512-51+dXkc06DMjtqW1Zo+mT175XR/+Up/PuCr9pzAA3orCFDgYHwNE/jiulTYbOESOSzW0liL4nKsZEvGsA/SHsw==",
      "requires": {
        "@azure/msal-browser": "2.14.2",
        "@azure/msal-react": "1.0.0",
        "@bsorrentino/xrmtoolboxweb-webapiclient": "^1.2.4",
        "react-dom": "^17.0.2"
      }
    },
    "@bsorrentino/xrmtoolboxweb-webapiclient": {
      "version": "1.2.4",
      "resolved": "https://npm.pkg.github.com/download/@bsorrentino/xrmtoolboxweb-webapiclient/1.2.4/7d379dc6539752f7a13c8c9d9afc7e031c3966520e398f8cb33e6791237345be",
      "integrity": "sha512-pzZSeVrSYbF6pXvc+YR7tVhxUCS4T+sGzPy9J0cu7a59PfIEHEKXTBAjNDva04UtI9nCK7A6y0iubaDFTJeNKg=="
    },
    "debug": {
      "version": "4.3.3",
      "resolved": "https://registry.npmjs.org/debug/-/debug-4.3.3.tgz",
      "integrity": "sha512-/zxw5+vh1Tfv+4Qn7a5nsbcJKPaSvCDhojn6FEl9vupwK2VCSDtEiEtqr8DFtzYFOdz63LBkxec7DYuc2jon6Q==",
      "requires": {
        "ms": "2.1.2"
      }
    },
    "js-tokens": {
      "version": "4.0.0",
      "resolved": "https://registry.npmjs.org/js-tokens/-/js-tokens-4.0.0.tgz",
      "integrity": "sha512-RdJUflcE3cUzKiMqQgsCu06FPu9UdIJO0beYbPhHN4k6apgJtifcoCtT9bcxOpYBtpD2kCM6Sbzg4CausW/PKQ=="
    },
    "loose-envify": {
      "version": "1.4.0",
      "resolved": "https://registry.npmjs.org/loose-envify/-/loose-envify-1.4.0.tgz",
      "integrity": "sha512-lyuxPGr/Wfhrlem2CL/UcnUc1zcqKAImBDzukY7Y5F/yQiNdko6+fRLevlw1HgMySw7f611UIY408EtxRSoK3Q==",
      "requires": {
        "js-tokens": "^3.0.0 || ^4.0.0"
      }
    },
    "ms": {
      "version": "2.1.2",
      "resolved": "https://registry.npmjs.org/ms/-/ms-2.1.2.tgz",
      "integrity": "sha512-sGkPx+VjMtmA6MX27oA4FBFELFCZZ4S4XqeGOXCv68tT+jb3vk/RyaKWP0PTKyWtmLSM0b+adUTEvbs1PEaH2w=="
    },
    "object-assign": {
      "version": "4.1.1",
      "resolved": "https://registry.npmjs.org/object-assign/-/object-assign-4.1.1.tgz",
      "integrity": "sha1-IQmtx5ZYh8/AXLvUQsrIv7s2CGM="
    },
    "react": {
      "version": "17.0.2",
      "resolved": "https://registry.npmjs.org/react/-/react-17.0.2.tgz",
      "integrity": "sha512-gnhPt75i/dq/z3/6q/0asP78D0u592D5L1pd7M8P+dck6Fu/jJeL6iVVK23fptSUZj8Vjf++7wXA8UNclGQcbA==",
      "peer": true,
      "requires": {
        "loose-envify": "^1.1.0",
        "object-assign": "^4.1.1"
      }
    },
    "react-dom": {
      "version": "17.0.2",
      "resolved": "https://registry.npmjs.org/react-dom/-/react-dom-17.0.2.tgz",
      "integrity": "sha512-s4h96KtLDUQlsENhMn1ar8t2bEa+q/YAtj8pPPdIjPDGBDIVNsrD9aXNWqspUe6AzKCIG0C1HZZLqLV7qpOBGA==",
      "requires": {
        "loose-envify": "^1.1.0",
        "object-assign": "^4.1.1",
        "scheduler": "^0.20.2"
      }
    },
    "scheduler": {
      "version": "0.20.2",
      "resolved": "https://registry.npmjs.org/scheduler/-/scheduler-0.20.2.tgz",
      "integrity": "sha512-2eWfGgAqqWFGqtdMmcL5zCMK1U8KlXv8SQFGglL3CEtd0aDVDWgeF/YoCmvln55m5zSk3J/20hTaSBeSObsQDQ==",
      "requires": {
        "loose-envify": "^1.1.0",
        "object-assign": "^4.1.1"
      }
    }
  }
}
