{
  "name": "@bsorrentino/xrmtoolboxweb-local-pkg",
  "version": "1.2.4",
  "lockfileVersion": 2,
  "requires": true,
  "packages": {
    "": {
      "name": "@bsorrentino/xrmtoolboxweb-local-pkg",
      "version": "1.2.4",
      "license": "MIT",
      "dependencies": {
        "@bsorrentino/xrmtoolboxweb-core": "^1.2.4",
        "@bsorrentino/xrmtoolboxweb-webapiclient": "^1.2.4"
      }
    },
    "../core": {
      "name": "@bsorrentino/xrmtoolboxweb-core",
      "version": "1.2.4",
      "license": "MiT",
      "dependencies": {
        "@azure/msal-browser": "2.14.2",
        "@azure/msal-react": "1.0.0",
        "@bsorrentino/xrmtoolboxweb-webapiclient": "^1.2.4",
        "react-dom": "^17.0.2"
      }
    },
    "../core/node_modules/@bsorrentino/xrmtoolboxweb-webapiclient": {
      "resolved": "../XrmWebApiClient",
      "link": true
    },
    "../XrmWebApiClient": {
      "name": "@bsorrentino/xrmtoolboxweb-webapiclient",
      "version": "1.2.4",
      "license": "MIT"
    },
    "node_modules/@bsorrentino/xrmtoolboxweb-core": {
      "resolved": "../core",
      "link": true
    },
    "node_modules/@bsorrentino/xrmtoolboxweb-webapiclient": {
      "resolved": "../XrmWebApiClient",
      "link": true
    }
  },
  "dependencies": {
    "@bsorrentino/xrmtoolboxweb-core": {
      "version": "file:../core",
      "requires": {
        "@azure/msal-browser": "2.14.2",
        "@azure/msal-react": "1.0.0",
        "@bsorrentino/xrmtoolboxweb-webapiclient": "^1.2.4",
        "react-dom": "^17.0.2"
      },
      "dependencies": {
        "@bsorrentino/xrmtoolboxweb-webapiclient": {
          "version": "file:../XrmWebApiClient"
        }
      }
    },
    "@bsorrentino/xrmtoolboxweb-webapiclient": {
      "version": "file:../XrmWebApiClient"
    }
  }
}
