{
	"name": "xrmtoolboxweb-app",
	"version": "1.2.0",
	"lockfileVersion": 2,
	"requires": true,
	"packages": {
		"": {
			"name": "xrmtoolboxweb-app",
			"version": "1.1.0",
			"license": "ISC",
			"devDependencies": {
				"@types/xrm": "^9.0.39"
			}
		},
		"node_modules/@types/xrm": {
			"version": "9.0.47",
			"resolved": "https://registry.npmjs.org/@types/xrm/-/xrm-9.0.47.tgz",
			"integrity": "sha512-O5t9U87KOZdYiioVOg2Ajm6y5IlnAR4RKVC13gLntoZ9A07pEs+WzB5dBJm3IbParbvHVssJNy3WA+3rn1/ZXw==",
			"dev": true
		}
	},
	"dependencies": {
		"@types/xrm": {
			"version": "9.0.47",
			"resolved": "https://registry.npmjs.org/@types/xrm/-/xrm-9.0.47.tgz",
			"integrity": "sha512-O5t9U87KOZdYiioVOg2Ajm6y5IlnAR4RKVC13gLntoZ9A07pEs+WzB5dBJm3IbParbvHVssJNy3WA+3rn1/ZXw==",
			"dev": true
		}
	}
}
