{
	"name": "xrmtoolboxweb-core",
	"version": "1.1.0",
	"lockfileVersion": 2,
	"requires": true,
	"packages": {
		"": {
			"name": "xrmtoolboxweb-core",
			"version": "1.1.0",
			"license": "ISC",
			"devDependencies": {
				"@parcel/packager-ts": "2.0.0-beta.2",
				"@types/xrm": "^9.0.39"
			}
		},
		"node_modules/@parcel/packager-ts": {
			"version": "2.0.0-beta.2",
			"resolved": "https://registry.npmjs.org/@parcel/packager-ts/-/packager-ts-2.0.0-beta.2.tgz",
			"integrity": "sha512-Dip+mKPv9Yn6J+JiLgHDZDXp5+cBI4jebHbYZIqBAxMnjWs4rR30u0QMNZESWx+Ds2u9W08zglzafm685+z1Sg==",
			"dev": true,
			"license": "MIT",
			"dependencies": {
				"@parcel/plugin": "2.0.0-beta.2"
			},
			"engines": {
				"node": ">= 12.0.0",
				"parcel": "^2.0.0-beta.1"
			},
			"funding": {
				"type": "opencollective",
				"url": "https://opencollective.com/parcel"
			}
		},
		"node_modules/@parcel/plugin": {
			"version": "2.0.0-beta.2",
			"resolved": "https://registry.npmjs.org/@parcel/plugin/-/plugin-2.0.0-beta.2.tgz",
			"integrity": "sha512-I89k7uc+yeSe6LrREajkvR6HnfcZzMDoz/TjnfG0W+iQYdKKaAuggf9zlQ6aOr8moGM1orcVSx5X+77u/tX0gg==",
			"dev": true,
			"dependencies": {
				"@parcel/types": "2.0.0-beta.2"
			},
			"engines": {
				"node": ">= 12.0.0"
			},
			"funding": {
				"type": "opencollective",
				"url": "https://opencollective.com/parcel"
			}
		},
		"node_modules/@parcel/types": {
			"version": "2.0.0-beta.2",
			"resolved": "https://registry.npmjs.org/@parcel/types/-/types-2.0.0-beta.2.tgz",
			"integrity": "sha512-ri2BPGAFDntQbA5p3m/4QgnEqWYToUMkAtLelXSPbwnTM0KARavTAwSRqz1xwTdXa8gQyv4SSV7xURwaPaZ3GA==",
			"dev": true
		},
		"node_modules/@types/xrm": {
			"version": "9.0.39",
			"resolved": "https://registry.npmjs.org/@types/xrm/-/xrm-9.0.39.tgz",
			"integrity": "sha512-EMX0Bsim8t21qCn2Lc4Fa5oOAszj01BR3QvPLIm+MD8zsSeLiMKog37M7qiMmGhN534wNE1xZJv5spD8Ee+dWA==",
			"dev": true,
			"license": "MIT"
		}
	},
	"dependencies": {
		"@parcel/packager-ts": {
			"version": "2.0.0-beta.2",
			"resolved": "https://registry.npmjs.org/@parcel/packager-ts/-/packager-ts-2.0.0-beta.2.tgz",
			"integrity": "sha512-Dip+mKPv9Yn6J+JiLgHDZDXp5+cBI4jebHbYZIqBAxMnjWs4rR30u0QMNZESWx+Ds2u9W08zglzafm685+z1Sg==",
			"dev": true,
			"requires": {
				"@parcel/plugin": "2.0.0-beta.2"
			}
		},
		"@parcel/plugin": {
			"version": "2.0.0-beta.2",
			"resolved": "https://registry.npmjs.org/@parcel/plugin/-/plugin-2.0.0-beta.2.tgz",
			"integrity": "sha512-I89k7uc+yeSe6LrREajkvR6HnfcZzMDoz/TjnfG0W+iQYdKKaAuggf9zlQ6aOr8moGM1orcVSx5X+77u/tX0gg==",
			"dev": true,
			"requires": {
				"@parcel/types": "2.0.0-beta.2"
			}
		},
		"@parcel/types": {
			"version": "2.0.0-beta.2",
			"resolved": "https://registry.npmjs.org/@parcel/types/-/types-2.0.0-beta.2.tgz",
			"integrity": "sha512-ri2BPGAFDntQbA5p3m/4QgnEqWYToUMkAtLelXSPbwnTM0KARavTAwSRqz1xwTdXa8gQyv4SSV7xURwaPaZ3GA==",
			"dev": true
		},
		"@types/xrm": {
			"version": "9.0.39",
			"resolved": "https://registry.npmjs.org/@types/xrm/-/xrm-9.0.39.tgz",
			"integrity": "sha512-EMX0Bsim8t21qCn2Lc4Fa5oOAszj01BR3QvPLIm+MD8zsSeLiMKog37M7qiMmGhN534wNE1xZJv5spD8Ee+dWA==",
			"dev": true
		}
	}
}
